
Microsoft Visual Studio Solution File, Format Version 12.00
# Visual Studio Version 17
VisualStudioVersion = 17.6.33801.468
MinimumVisualStudioVersion = 10.0.40219.1
Project("{FAE04EC0-301F-11D3-BF4B-00C04F79EFBC}") = "VisualStudioAssignment", "VisualStudioAssignment.csproj", "{6839A719-FB34-4180-AA4F-B33256D47042}"
EndProject
Global
	GlobalSection(SolutionConfigurationPlatforms) = preSolution
		Debug|Any CPU = Debug|Any CPU
		Release|Any CPU = Release|Any CPU
	EndGlobalSection
	GlobalSection(ProjectConfigurationPlatforms) = postSolution
		{6839A719-FB34-4180-AA4F-B33256D47042}.Debug|Any CPU.ActiveCfg = Debug|Any CPU
		{6839A719-FB34-4180-AA4F-B33256D47042}.Debug|Any CPU.Build.0 = Debug|Any CPU
		{6839A719-FB34-4180-AA4F-B33256D47042}.Release|Any CPU.ActiveCfg = Release|Any CPU
		{6839A719-FB34-4180-AA4F-B33256D47042}.Release|Any CPU.Build.0 = Release|Any CPU
	EndGlobalSection
	GlobalSection(SolutionProperties) = preSolution
		HideSolutionNode = FALSE
	EndGlobalSection
	GlobalSection(ExtensibilityGlobals) = postSolution
		SolutionGuid = {2E63BC9B-3253-4FFC-B650-F000887B420A}
	EndGlobalSection
EndGlobal
